// !$*UTF8*$!
{
	archiveVersion = 1;
	classes = {
	};
	objectVersion = 56;
	objects = {

/* Begin PBXBuildFile section */
		391D50742BACBA480041F3E9 /* customerOrder.cpp in Sources */ = {isa = PBXBuildFile; fileRef = 391D50722BACBA480041F3E9 /* customerOrder.cpp */; };
		391D507C2BACBA4E0041F3E9 /* Station.cpp in Sources */ = {isa = PBXBuildFile; fileRef = 391D50752BACBA4E0041F3E9 /* Station.cpp */; };
		391D507D2BACBA4E0041F3E9 /* ms2.cpp in Sources */ = {isa = PBXBuildFile; fileRef = 391D50792BACBA4E0041F3E9 /* ms2.cpp */; };
		391D507E2BACBA4E0041F3E9 /* Utilities.cpp in Sources */ = {isa = PBXBuildFile; fileRef = 391D507B2BACBA4E0041F3E9 /* Utilities.cpp */; };
/* End PBXBuildFile section */

/* Begin PBXCopyFilesBuildPhase section */
		391D50662BACBA320041F3E9 /* CopyFiles */ = {
			isa = PBXCopyFilesBuildPhase;
			buildActionMask = 2147483647;
			dstPath = /usr/share/man/man1/;
			dstSubfolderSpec = 0;
			files = (
			);
			runOnlyForDeploymentPostprocessing = 1;
		};
/* End PBXCopyFilesBuildPhase section */

/* Begin PBXFileReference section */
		391D50682BACBA320041F3E9 /* ms2 */ = {isa = PBXFileReference; explicitFileType = "compiled.mach-o.executable"; includeInIndex = 0; path = ms2; sourceTree = BUILT_PRODUCTS_DIR; };
		391D50722BACBA480041F3E9 /* customerOrder.cpp */ = {isa = PBXFileReference; fileEncoding = 4; lastKnownFileType = sourcecode.cpp.cpp; name = customerOrder.cpp; path = ../customerOrder.cpp; sourceTree = "<group>"; };
		391D50732BACBA480041F3E9 /* CustomerOrder.h */ = {isa = PBXFileReference; fileEncoding = 4; lastKnownFileType = sourcecode.c.h; name = CustomerOrder.h; path = ../CustomerOrder.h; sourceTree = "<group>"; };
		391D50752BACBA4E0041F3E9 /* Station.cpp */ = {isa = PBXFileReference; fileEncoding = 4; lastKnownFileType = sourcecode.cpp.cpp; name = Station.cpp; path = ../Station.cpp; sourceTree = "<group>"; };
		391D50762BACBA4E0041F3E9 /* Station.h */ = {isa = PBXFileReference; fileEncoding = 4; lastKnownFileType = sourcecode.c.h; name = Station.h; path = ../Station.h; sourceTree = "<group>"; };
		391D50772BACBA4E0041F3E9 /* CustomerOrders.txt */ = {isa = PBXFileReference; fileEncoding = 4; lastKnownFileType = text; name = CustomerOrders.txt; path = ../CustomerOrders.txt; sourceTree = "<group>"; };
		391D50782BACBA4E0041F3E9 /* ms2_output.txt */ = {isa = PBXFileReference; fileEncoding = 4; lastKnownFileType = text; name = ms2_output.txt; path = ../ms2_output.txt; sourceTree = "<group>"; };
		391D50792BACBA4E0041F3E9 /* ms2.cpp */ = {isa = PBXFileReference; fileEncoding = 4; lastKnownFileType = sourcecode.cpp.cpp; name = ms2.cpp; path = ../ms2.cpp; sourceTree = "<group>"; };
		391D507A2BACBA4E0041F3E9 /* Utilities.h */ = {isa = PBXFileReference; fileEncoding = 4; lastKnownFileType = sourcecode.c.h; name = Utilities.h; path = ../Utilities.h; sourceTree = "<group>"; };
		391D507B2BACBA4E0041F3E9 /* Utilities.cpp */ = {isa = PBXFileReference; fileEncoding = 4; lastKnownFileType = sourcecode.cpp.cpp; name = Utilities.cpp; path = ../Utilities.cpp; sourceTree = "<group>"; };
		391D507F2BACBC290041F3E9 /* Stations1.txt */ = {isa = PBXFileReference; fileEncoding = 4; lastKnownFileType = text; name = Stations1.txt; path = ../Stations1.txt; sourceTree = "<group>"; };
		391D50802BACBC290041F3E9 /* Stations2.txt */ = {isa = PBXFileReference; fileEncoding = 4; lastKnownFileType = text; name = Stations2.txt; path = ../Stations2.txt; sourceTree = "<group>"; };
/* End PBXFileReference section */

/* Begin PBXFrameworksBuildPhase section */
		391D50652BACBA320041F3E9 /* Frameworks */ = {
			isa = PBXFrameworksBuildPhase;
			buildActionMask = 2147483647;
			files = (
			);
			runOnlyForDeploymentPostprocessing = 0;
		};
/* End PBXFrameworksBuildPhase section */

/* Begin PBXGroup section */
		391D505F2BACBA320041F3E9 = {
			isa = PBXGroup;
			children = (
				391D507F2BACBC290041F3E9 /* Stations1.txt */,
				391D50802BACBC290041F3E9 /* Stations2.txt */,
				391D50772BACBA4E0041F3E9 /* CustomerOrders.txt */,
				391D50782BACBA4E0041F3E9 /* ms2_output.txt */,
				391D50792BACBA4E0041F3E9 /* ms2.cpp */,
				391D50752BACBA4E0041F3E9 /* Station.cpp */,
				391D50762BACBA4E0041F3E9 /* Station.h */,
				391D507B2BACBA4E0041F3E9 /* Utilities.cpp */,
				391D507A2BACBA4E0041F3E9 /* Utilities.h */,
				391D50722BACBA480041F3E9 /* customerOrder.cpp */,
				391D50732BACBA480041F3E9 /* CustomerOrder.h */,
				391D50692BACBA320041F3E9 /* Products */,
			);
			sourceTree = "<group>";
		};
		391D50692BACBA320041F3E9 /* Products */ = {
			isa = PBXGroup;
			children = (
				391D50682BACBA320041F3E9 /* ms2 */,
			);
			name = Products;
			sourceTree = "<group>";
		};
/* End PBXGroup section */

/* Begin PBXNativeTarget section */
		391D50672BACBA320041F3E9 /* ms2 */ = {
			isa = PBXNativeTarget;
			buildConfigurationList = 391D506F2BACBA320041F3E9 /* Build configuration list for PBXNativeTarget "ms2" */;
			buildPhases = (
				391D50642BACBA320041F3E9 /* Sources */,
				391D50652BACBA320041F3E9 /* Frameworks */,
				391D50662BACBA320041F3E9 /* CopyFiles */,
			);
			buildRules = (
			);
			dependencies = (
			);
			name = ms2;
			productName = ms2;
			productReference = 391D50682BACBA320041F3E9 /* ms2 */;
			productType = "com.apple.product-type.tool";
		};
/* End PBXNativeTarget section */

/* Begin PBXProject section */
		391D50602BACBA320041F3E9 /* Project object */ = {
			isa = PBXProject;
			attributes = {
				BuildIndependentTargetsInParallel = 1;
				LastUpgradeCheck = 1530;
				TargetAttributes = {
					391D50672BACBA320041F3E9 = {
						CreatedOnToolsVersion = 15.3;
					};
				};
			};
			buildConfigurationList = 391D50632BACBA320041F3E9 /* Build configuration list for PBXProject "ms2" */;
			compatibilityVersion = "Xcode 14.0";
			developmentRegion = en;
			hasScannedForEncodings = 0;
			knownRegions = (
				en,
				Base,
			);
			mainGroup = 391D505F2BACBA320041F3E9;
			productRefGroup = 391D50692BACBA320041F3E9 /* Products */;
			projectDirPath = "";
			projectRoot = "";
			targets = (
				391D50672BACBA320041F3E9 /* ms2 */,
			);
		};
/* End PBXProject section */

/* Begin PBXSourcesBuildPhase section */
		391D50642BACBA320041F3E9 /* Sources */ = {
			isa = PBXSourcesBuildPhase;
			buildActionMask = 2147483647;
			files = (
				391D507D2BACBA4E0041F3E9 /* ms2.cpp in Sources */,
				391D507C2BACBA4E0041F3E9 /* Station.cpp in Sources */,
				391D507E2BACBA4E0041F3E9 /* Utilities.cpp in Sources */,
				391D50742BACBA480041F3E9 /* customerOrder.cpp in Sources */,
			);
			runOnlyForDeploymentPostprocessing = 0;
		};
/* End PBXSourcesBuildPhase section */

/* Begin XCBuildConfiguration section */
		391D506D2BACBA320041F3E9 /* Debug */ = {
			isa = XCBuildConfiguration;
			buildSettings = {
				ALWAYS_SEARCH_USER_PATHS = NO;
				ASSETCATALOG_COMPILER_GENERATE_SWIFT_ASSET_SYMBOL_EXTENSIONS = YES;
				CLANG_ANALYZER_NONNULL = YES;
				CLANG_ANALYZER_NUMBER_OBJECT_CONVERSION = YES_AGGRESSIVE;
				CLANG_CXX_LANGUAGE_STANDARD = "gnu++20";
				CLANG_ENABLE_MODULES = YES;
				CLANG_ENABLE_OBJC_ARC = YES;
				CLANG_ENABLE_OBJC_WEAK = YES;
				CLANG_WARN_BLOCK_CAPTURE_AUTORELEASING = YES;
				CLANG_WARN_BOOL_CONVERSION = YES;
				CLANG_WARN_COMMA = YES;
				CLANG_WARN_CONSTANT_CONVERSION = YES;
				CLANG_WARN_DEPRECATED_OBJC_IMPLEMENTATIONS = YES;
				CLANG_WARN_DIRECT_OBJC_ISA_USAGE = YES_ERROR;
				CLANG_WARN_DOCUMENTATION_COMMENTS = YES;
				CLANG_WARN_EMPTY_BODY = YES;
				CLANG_WARN_ENUM_CONVERSION = YES;
				CLANG_WARN_INFINITE_RECURSION = YES;
				CLANG_WARN_INT_CONVERSION = YES;
				CLANG_WARN_NON_LITERAL_NULL_CONVERSION = YES;
				CLANG_WARN_OBJC_IMPLICIT_RETAIN_SELF = YES;
				CLANG_WARN_OBJC_LITERAL_CONVERSION = YES;
				CLANG_WARN_OBJC_ROOT_CLASS = YES_ERROR;
				CLANG_WARN_QUOTED_INCLUDE_IN_FRAMEWORK_HEADER = YES;
				CLANG_WARN_RANGE_LOOP_ANALYSIS = YES;
				CLANG_WARN_STRICT_PROTOTYPES = YES;
				CLANG_WARN_SUSPICIOUS_MOVE = YES;
				CLANG_WARN_UNGUARDED_AVAILABILITY = YES_AGGRESSIVE;
				CLANG_WARN_UNREACHABLE_CODE = YES;
				CLANG_WARN__DUPLICATE_METHOD_MATCH = YES;
				COPY_PHASE_STRIP = NO;
				DEBUG_INFORMATION_FORMAT = dwarf;
				ENABLE_STRICT_OBJC_MSGSEND = YES;
				ENABLE_TESTABILITY = YES;
				ENABLE_USER_SCRIPT_SANDBOXING = YES;
				GCC_C_LANGUAGE_STANDARD = gnu17;
				GCC_DYNAMIC_NO_PIC = NO;
				GCC_NO_COMMON_BLOCKS = YES;
				GCC_OPTIMIZATION_LEVEL = 0;
				GCC_PREPROCESSOR_DEFINITIONS = (
					"DEBUG=1",
					"$(inherited)",
				);
				GCC_WARN_64_TO_32_BIT_CONVERSION = YES;
				GCC_WARN_ABOUT_RETURN_TYPE = YES_ERROR;
				GCC_WARN_UNDECLARED_SELECTOR = YES;
				GCC_WARN_UNINITIALIZED_AUTOS = YES_AGGRESSIVE;
				GCC_WARN_UNUSED_FUNCTION = YES;
				GCC_WARN_UNUSED_VARIABLE = YES;
				LOCALIZATION_PREFERS_STRING_CATALOGS = YES;
				MACOSX_DEPLOYMENT_TARGET = 14.1;
				MTL_ENABLE_DEBUG_INFO = INCLUDE_SOURCE;
				MTL_FAST_MATH = YES;
				ONLY_ACTIVE_ARCH = YES;
				SDKROOT = macosx;
			};
			name = Debug;
		};
		391D506E2BACBA320041F3E9 /* Release */ = {
			isa = XCBuildConfiguration;
			buildSettings = {
				ALWAYS_SEARCH_USER_PATHS = NO;
				ASSETCATALOG_COMPILER_GENERATE_SWIFT_ASSET_SYMBOL_EXTENSIONS = YES;
				CLANG_ANALYZER_NONNULL = YES;
				CLANG_ANALYZER_NUMBER_OBJECT_CONVERSION = YES_AGGRESSIVE;
				CLANG_CXX_LANGUAGE_STANDARD = "gnu++20";
				CLANG_ENABLE_MODULES = YES;
				CLANG_ENABLE_OBJC_ARC = YES;
				CLANG_ENABLE_OBJC_WEAK = YES;
				CLANG_WARN_BLOCK_CAPTURE_AUTORELEASING = YES;
				CLANG_WARN_BOOL_CONVERSION = YES;
				CLANG_WARN_COMMA = YES;
				CLANG_WARN_CONSTANT_CONVERSION = YES;
				CLANG_WARN_DEPRECATED_OBJC_IMPLEMENTATIONS = YES;
				CLANG_WARN_DIRECT_OBJC_ISA_USAGE = YES_ERROR;
				CLANG_WARN_DOCUMENTATION_COMMENTS = YES;
				CLANG_WARN_EMPTY_BODY = YES;
				CLANG_WARN_ENUM_CONVERSION = YES;
				CLANG_WARN_INFINITE_RECURSION = YES;
				CLANG_WARN_INT_CONVERSION = YES;
				CLANG_WARN_NON_LITERAL_NULL_CONVERSION = YES;
				CLANG_WARN_OBJC_IMPLICIT_RETAIN_SELF = YES;
				CLANG_WARN_OBJC_LITERAL_CONVERSION = YES;
				CLANG_WARN_OBJC_ROOT_CLASS = YES_ERROR;
				CLANG_WARN_QUOTED_INCLUDE_IN_FRAMEWORK_HEADER = YES;
				CLANG_WARN_RANGE_LOOP_ANALYSIS = YES;
				CLANG_WARN_STRICT_PROTOTYPES = YES;
				CLANG_WARN_SUSPICIOUS_MOVE = YES;
				CLANG_WARN_UNGUARDED_AVAILABILITY = YES_AGGRESSIVE;
				CLANG_WARN_UNREACHABLE_CODE = YES;
				CLANG_WARN__DUPLICATE_METHOD_MATCH = YES;
				COPY_PHASE_STRIP = NO;
				DEBUG_INFORMATION_FORMAT = "dwarf-with-dsym";
				ENABLE_NS_ASSERTIONS = NO;
				ENABLE_STRICT_OBJC_MSGSEND = YES;
				ENABLE_USER_SCRIPT_SANDBOXING = YES;
				GCC_C_LANGUAGE_STANDARD = gnu17;
				GCC_NO_COMMON_BLOCKS = YES;
				GCC_WARN_64_TO_32_BIT_CONVERSION = YES;
				GCC_WARN_ABOUT_RETURN_TYPE = YES_ERROR;
				GCC_WARN_UNDECLARED_SELECTOR = YES;
				GCC_WARN_UNINITIALIZED_AUTOS = YES_AGGRESSIVE;
				GCC_WARN_UNUSED_FUNCTION = YES;
				GCC_WARN_UNUSED_VARIABLE = YES;
				LOCALIZATION_PREFERS_STRING_CATALOGS = YES;
				MACOSX_DEPLOYMENT_TARGET = 14.1;
				MTL_ENABLE_DEBUG_INFO = NO;
				MTL_FAST_MATH = YES;
				SDKROOT = macosx;
			};
			name = Release;
		};
		391D50702BACBA320041F3E9 /* Debug */ = {
			isa = XCBuildConfiguration;
			buildSettings = {
				CODE_SIGN_STYLE = Automatic;
				DEVELOPMENT_TEAM = K85424K6MZ;
				ENABLE_HARDENED_RUNTIME = YES;
				PRODUCT_NAME = "$(TARGET_NAME)";
			};
			name = Debug;
		};
		391D50712BACBA320041F3E9 /* Release */ = {
			isa = XCBuildConfiguration;
			buildSettings = {
				CODE_SIGN_STYLE = Automatic;
				DEVELOPMENT_TEAM = K85424K6MZ;
				ENABLE_HARDENED_RUNTIME = YES;
				PRODUCT_NAME = "$(TARGET_NAME)";
			};
			name = Release;
		};
/* End XCBuildConfiguration section */

/* Begin XCConfigurationList section */
		391D50632BACBA320041F3E9 /* Build configuration list for PBXProject "ms2" */ = {
			isa = XCConfigurationList;
			buildConfigurations = (
				391D506D2BACBA320041F3E9 /* Debug */,
				391D506E2BACBA320041F3E9 /* Release */,
			);
			defaultConfigurationIsVisible = 0;
			defaultConfigurationName = Release;
		};
		391D506F2BACBA320041F3E9 /* Build configuration list for PBXNativeTarget "ms2" */ = {
			isa = XCConfigurationList;
			buildConfigurations = (
				391D50702BACBA320041F3E9 /* Debug */,
				391D50712BACBA320041F3E9 /* Release */,
			);
			defaultConfigurationIsVisible = 0;
			defaultConfigurationName = Release;
		};
/* End XCConfigurationList section */
	};
	rootObject = 391D50602BACBA320041F3E9 /* Project object */;
}
