// !$*UTF8*$!
{
	archiveVersion = 1;
	classes = {
	};
	objectVersion = 56;
	objects = {

/* Begin PBXBuildFile section */
		3974776C2B9D92DF00EBB6FF /* Station.cpp in Sources */ = {isa = PBXBuildFile; fileRef = 397477652B9D92DF00EBB6FF /* Station.cpp */; };
		3974776D2B9D92DF00EBB6FF /* ms1.cpp in Sources */ = {isa = PBXBuildFile; fileRef = 397477682B9D92DF00EBB6FF /* ms1.cpp */; };
		3974776E2B9D92DF00EBB6FF /* Utilities.cpp in Sources */ = {isa = PBXBuildFile; fileRef = 3974776A2B9D92DF00EBB6FF /* Utilities.cpp */; };
/* End PBXBuildFile section */

/* Begin PBXCopyFilesBuildPhase section */
		397477582B9D92C600EBB6FF /* CopyFiles */ = {
			isa = PBXCopyFilesBuildPhase;
			buildActionMask = 2147483647;
			dstPath = /usr/share/man/man1/;
			dstSubfolderSpec = 0;
			files = (
			);
			runOnlyForDeploymentPostprocessing = 1;
		};
/* End PBXCopyFilesBuildPhase section */

/* Begin PBXFileReference section */
		3974775A2B9D92C600EBB6FF /* ms1 */ = {isa = PBXFileReference; explicitFileType = "compiled.mach-o.executable"; includeInIndex = 0; path = ms1; sourceTree = BUILT_PRODUCTS_DIR; };
		397477642B9D92DF00EBB6FF /* Utilities.h */ = {isa = PBXFileReference; fileEncoding = 4; lastKnownFileType = sourcecode.c.h; name = Utilities.h; path = ../../Utilities.h; sourceTree = "<group>"; };
		397477652B9D92DF00EBB6FF /* Station.cpp */ = {isa = PBXFileReference; fileEncoding = 4; lastKnownFileType = sourcecode.cpp.cpp; name = Station.cpp; path = ../../Station.cpp; sourceTree = "<group>"; };
		397477662B9D92DF00EBB6FF /* ms1_output.txt */ = {isa = PBXFileReference; fileEncoding = 4; lastKnownFileType = text; name = ms1_output.txt; path = ../../ms1_output.txt; sourceTree = "<group>"; };
		397477672B9D92DF00EBB6FF /* Stations1.txt */ = {isa = PBXFileReference; fileEncoding = 4; lastKnownFileType = text; name = Stations1.txt; path = ../../Stations1.txt; sourceTree = "<group>"; };
		397477682B9D92DF00EBB6FF /* ms1.cpp */ = {isa = PBXFileReference; fileEncoding = 4; lastKnownFileType = sourcecode.cpp.cpp; name = ms1.cpp; path = ../../ms1.cpp; sourceTree = "<group>"; };
		397477692B9D92DF00EBB6FF /* Station.h */ = {isa = PBXFileReference; fileEncoding = 4; lastKnownFileType = sourcecode.c.h; name = Station.h; path = ../../Station.h; sourceTree = "<group>"; };
		3974776A2B9D92DF00EBB6FF /* Utilities.cpp */ = {isa = PBXFileReference; fileEncoding = 4; lastKnownFileType = sourcecode.cpp.cpp; name = Utilities.cpp; path = ../../Utilities.cpp; sourceTree = "<group>"; };
		3974776B2B9D92DF00EBB6FF /* Stations2.txt */ = {isa = PBXFileReference; fileEncoding = 4; lastKnownFileType = text; name = Stations2.txt; path = ../../Stations2.txt; sourceTree = "<group>"; };
/* End PBXFileReference section */

/* Begin PBXFrameworksBuildPhase section */
		397477572B9D92C600EBB6FF /* Frameworks */ = {
			isa = PBXFrameworksBuildPhase;
			buildActionMask = 2147483647;
			files = (
			);
			runOnlyForDeploymentPostprocessing = 0;
		};
/* End PBXFrameworksBuildPhase section */

/* Begin PBXGroup section */
		397477512B9D92C600EBB6FF = {
			isa = PBXGroup;
			children = (
				3974775C2B9D92C600EBB6FF /* ms1 */,
				3974775B2B9D92C600EBB6FF /* Products */,
			);
			sourceTree = "<group>";
		};
		3974775B2B9D92C600EBB6FF /* Products */ = {
			isa = PBXGroup;
			children = (
				3974775A2B9D92C600EBB6FF /* ms1 */,
			);
			name = Products;
			sourceTree = "<group>";
		};
		3974775C2B9D92C600EBB6FF /* ms1 */ = {
			isa = PBXGroup;
			children = (
				397477662B9D92DF00EBB6FF /* ms1_output.txt */,
				397477682B9D92DF00EBB6FF /* ms1.cpp */,
				397477652B9D92DF00EBB6FF /* Station.cpp */,
				397477692B9D92DF00EBB6FF /* Station.h */,
				397477672B9D92DF00EBB6FF /* Stations1.txt */,
				3974776B2B9D92DF00EBB6FF /* Stations2.txt */,
				3974776A2B9D92DF00EBB6FF /* Utilities.cpp */,
				397477642B9D92DF00EBB6FF /* Utilities.h */,
			);
			path = ms1;
			sourceTree = "<group>";
		};
/* End PBXGroup section */

/* Begin PBXNativeTarget section */
		397477592B9D92C600EBB6FF /* ms1 */ = {
			isa = PBXNativeTarget;
			buildConfigurationList = 397477612B9D92C600EBB6FF /* Build configuration list for PBXNativeTarget "ms1" */;
			buildPhases = (
				397477562B9D92C600EBB6FF /* Sources */,
				397477572B9D92C600EBB6FF /* Frameworks */,
				397477582B9D92C600EBB6FF /* CopyFiles */,
			);
			buildRules = (
			);
			dependencies = (
			);
			name = ms1;
			productName = ms1;
			productReference = 3974775A2B9D92C600EBB6FF /* ms1 */;
			productType = "com.apple.product-type.tool";
		};
/* End PBXNativeTarget section */

/* Begin PBXProject section */
		397477522B9D92C600EBB6FF /* Project object */ = {
			isa = PBXProject;
			attributes = {
				BuildIndependentTargetsInParallel = 1;
				LastUpgradeCheck = 1500;
				TargetAttributes = {
					397477592B9D92C600EBB6FF = {
						CreatedOnToolsVersion = 15.0.1;
					};
				};
			};
			buildConfigurationList = 397477552B9D92C600EBB6FF /* Build configuration list for PBXProject "ms1" */;
			compatibilityVersion = "Xcode 14.0";
			developmentRegion = en;
			hasScannedForEncodings = 0;
			knownRegions = (
				en,
				Base,
			);
			mainGroup = 397477512B9D92C600EBB6FF;
			productRefGroup = 3974775B2B9D92C600EBB6FF /* Products */;
			projectDirPath = "";
			projectRoot = "";
			targets = (
				397477592B9D92C600EBB6FF /* ms1 */,
			);
		};
/* End PBXProject section */

/* Begin PBXSourcesBuildPhase section */
		397477562B9D92C600EBB6FF /* Sources */ = {
			isa = PBXSourcesBuildPhase;
			buildActionMask = 2147483647;
			files = (
				3974776C2B9D92DF00EBB6FF /* Station.cpp in Sources */,
				3974776D2B9D92DF00EBB6FF /* ms1.cpp in Sources */,
				3974776E2B9D92DF00EBB6FF /* Utilities.cpp in Sources */,
			);
			runOnlyForDeploymentPostprocessing = 0;
		};
/* End PBXSourcesBuildPhase section */

/* Begin XCBuildConfiguration section */
		3974775F2B9D92C600EBB6FF /* Debug */ = {
			isa = XCBuildConfiguration;
			buildSettings = {
				ALWAYS_SEARCH_USER_PATHS = NO;
				ASSETCATALOG_COMPILER_GENERATE_SWIFT_ASSET_SYMBOL_EXTENSIONS = YES;
				CLANG_ANALYZER_NONNULL = YES;
				CLANG_ANALYZER_NUMBER_OBJECT_CONVERSION = YES_AGGRESSIVE;
				CLANG_CXX_LANGUAGE_STANDARD = "gnu++20";
				CLANG_ENABLE_MODULES = YES;
				CLANG_ENABLE_OBJC_ARC = YES;
				CLANG_ENABLE_OBJC_WEAK = YES;
				CLANG_WARN_BLOCK_CAPTURE_AUTORELEASING = YES;
				CLANG_WARN_BOOL_CONVERSION = YES;
				CLANG_WARN_COMMA = YES;
				CLANG_WARN_CONSTANT_CONVERSION = YES;
				CLANG_WARN_DEPRECATED_OBJC_IMPLEMENTATIONS = YES;
				CLANG_WARN_DIRECT_OBJC_ISA_USAGE = YES_ERROR;
				CLANG_WARN_DOCUMENTATION_COMMENTS = YES;
				CLANG_WARN_EMPTY_BODY = YES;
				CLANG_WARN_ENUM_CONVERSION = YES;
				CLANG_WARN_INFINITE_RECURSION = YES;
				CLANG_WARN_INT_CONVERSION = YES;
				CLANG_WARN_NON_LITERAL_NULL_CONVERSION = YES;
				CLANG_WARN_OBJC_IMPLICIT_RETAIN_SELF = YES;
				CLANG_WARN_OBJC_LITERAL_CONVERSION = YES;
				CLANG_WARN_OBJC_ROOT_CLASS = YES_ERROR;
				CLANG_WARN_QUOTED_INCLUDE_IN_FRAMEWORK_HEADER = YES;
				CLANG_WARN_RANGE_LOOP_ANALYSIS = YES;
				CLANG_WARN_STRICT_PROTOTYPES = YES;
				CLANG_WARN_SUSPICIOUS_MOVE = YES;
				CLANG_WARN_UNGUARDED_AVAILABILITY = YES_AGGRESSIVE;
				CLANG_WARN_UNREACHABLE_CODE = YES;
				CLANG_WARN__DUPLICATE_METHOD_MATCH = YES;
				COPY_PHASE_STRIP = NO;
				DEBUG_INFORMATION_FORMAT = dwarf;
				ENABLE_STRICT_OBJC_MSGSEND = YES;
				ENABLE_TESTABILITY = YES;
				ENABLE_USER_SCRIPT_SANDBOXING = YES;
				GCC_C_LANGUAGE_STANDARD = gnu17;
				GCC_DYNAMIC_NO_PIC = NO;
				GCC_NO_COMMON_BLOCKS = YES;
				GCC_OPTIMIZATION_LEVEL = 0;
				GCC_PREPROCESSOR_DEFINITIONS = (
					"DEBUG=1",
					"$(inherited)",
				);
				GCC_WARN_64_TO_32_BIT_CONVERSION = YES;
				GCC_WARN_ABOUT_RETURN_TYPE = YES_ERROR;
				GCC_WARN_UNDECLARED_SELECTOR = YES;
				GCC_WARN_UNINITIALIZED_AUTOS = YES_AGGRESSIVE;
				GCC_WARN_UNUSED_FUNCTION = YES;
				GCC_WARN_UNUSED_VARIABLE = YES;
				LOCALIZATION_PREFERS_STRING_CATALOGS = YES;
				MACOSX_DEPLOYMENT_TARGET = 14.0;
				MTL_ENABLE_DEBUG_INFO = INCLUDE_SOURCE;
				MTL_FAST_MATH = YES;
				ONLY_ACTIVE_ARCH = YES;
				SDKROOT = macosx;
			};
			name = Debug;
		};
		397477602B9D92C600EBB6FF /* Release */ = {
			isa = XCBuildConfiguration;
			buildSettings = {
				ALWAYS_SEARCH_USER_PATHS = NO;
				ASSETCATALOG_COMPILER_GENERATE_SWIFT_ASSET_SYMBOL_EXTENSIONS = YES;
				CLANG_ANALYZER_NONNULL = YES;
				CLANG_ANALYZER_NUMBER_OBJECT_CONVERSION = YES_AGGRESSIVE;
				CLANG_CXX_LANGUAGE_STANDARD = "gnu++20";
				CLANG_ENABLE_MODULES = YES;
				CLANG_ENABLE_OBJC_ARC = YES;
				CLANG_ENABLE_OBJC_WEAK = YES;
				CLANG_WARN_BLOCK_CAPTURE_AUTORELEASING = YES;
				CLANG_WARN_BOOL_CONVERSION = YES;
				CLANG_WARN_COMMA = YES;
				CLANG_WARN_CONSTANT_CONVERSION = YES;
				CLANG_WARN_DEPRECATED_OBJC_IMPLEMENTATIONS = YES;
				CLANG_WARN_DIRECT_OBJC_ISA_USAGE = YES_ERROR;
				CLANG_WARN_DOCUMENTATION_COMMENTS = YES;
				CLANG_WARN_EMPTY_BODY = YES;
				CLANG_WARN_ENUM_CONVERSION = YES;
				CLANG_WARN_INFINITE_RECURSION = YES;
				CLANG_WARN_INT_CONVERSION = YES;
				CLANG_WARN_NON_LITERAL_NULL_CONVERSION = YES;
				CLANG_WARN_OBJC_IMPLICIT_RETAIN_SELF = YES;
				CLANG_WARN_OBJC_LITERAL_CONVERSION = YES;
				CLANG_WARN_OBJC_ROOT_CLASS = YES_ERROR;
				CLANG_WARN_QUOTED_INCLUDE_IN_FRAMEWORK_HEADER = YES;
				CLANG_WARN_RANGE_LOOP_ANALYSIS = YES;
				CLANG_WARN_STRICT_PROTOTYPES = YES;
				CLANG_WARN_SUSPICIOUS_MOVE = YES;
				CLANG_WARN_UNGUARDED_AVAILABILITY = YES_AGGRESSIVE;
				CLANG_WARN_UNREACHABLE_CODE = YES;
				CLANG_WARN__DUPLICATE_METHOD_MATCH = YES;
				COPY_PHASE_STRIP = NO;
				DEBUG_INFORMATION_FORMAT = "dwarf-with-dsym";
				ENABLE_NS_ASSERTIONS = NO;
				ENABLE_STRICT_OBJC_MSGSEND = YES;
				ENABLE_USER_SCRIPT_SANDBOXING = YES;
				GCC_C_LANGUAGE_STANDARD = gnu17;
				GCC_NO_COMMON_BLOCKS = YES;
				GCC_WARN_64_TO_32_BIT_CONVERSION = YES;
				GCC_WARN_ABOUT_RETURN_TYPE = YES_ERROR;
				GCC_WARN_UNDECLARED_SELECTOR = YES;
				GCC_WARN_UNINITIALIZED_AUTOS = YES_AGGRESSIVE;
				GCC_WARN_UNUSED_FUNCTION = YES;
				GCC_WARN_UNUSED_VARIABLE = YES;
				LOCALIZATION_PREFERS_STRING_CATALOGS = YES;
				MACOSX_DEPLOYMENT_TARGET = 14.0;
				MTL_ENABLE_DEBUG_INFO = NO;
				MTL_FAST_MATH = YES;
				SDKROOT = macosx;
			};
			name = Release;
		};
		397477622B9D92C600EBB6FF /* Debug */ = {
			isa = XCBuildConfiguration;
			buildSettings = {
				CODE_SIGN_STYLE = Automatic;
				DEVELOPMENT_TEAM = K85424K6MZ;
				ENABLE_HARDENED_RUNTIME = YES;
				PRODUCT_NAME = "$(TARGET_NAME)";
			};
			name = Debug;
		};
		397477632B9D92C600EBB6FF /* Release */ = {
			isa = XCBuildConfiguration;
			buildSettings = {
				CODE_SIGN_STYLE = Automatic;
				DEVELOPMENT_TEAM = K85424K6MZ;
				ENABLE_HARDENED_RUNTIME = YES;
				PRODUCT_NAME = "$(TARGET_NAME)";
			};
			name = Release;
		};
/* End XCBuildConfiguration section */

/* Begin XCConfigurationList section */
		397477552B9D92C600EBB6FF /* Build configuration list for PBXProject "ms1" */ = {
			isa = XCConfigurationList;
			buildConfigurations = (
				3974775F2B9D92C600EBB6FF /* Debug */,
				397477602B9D92C600EBB6FF /* Release */,
			);
			defaultConfigurationIsVisible = 0;
			defaultConfigurationName = Release;
		};
		397477612B9D92C600EBB6FF /* Build configuration list for PBXNativeTarget "ms1" */ = {
			isa = XCConfigurationList;
			buildConfigurations = (
				397477622B9D92C600EBB6FF /* Debug */,
				397477632B9D92C600EBB6FF /* Release */,
			);
			defaultConfigurationIsVisible = 0;
			defaultConfigurationName = Release;
		};
/* End XCConfigurationList section */
	};
	rootObject = 397477522B9D92C600EBB6FF /* Project object */;
}
